// !$*UTF8*$!
{
	archiveVersion = 1;
	classes = {
	};
	objectVersion = 56;
	objects = {

/* Begin PBXBuildFile section */
		67C6A8822B182F7F001105C7 /* Wayfair_Coding_ChallengeApp.swift in Sources */ = {isa = PBXBuildFile; fileRef = 67C6A8812B182F7F001105C7 /* Wayfair_Coding_ChallengeApp.swift */; };
		67C6A8842B182F7F001105C7 /* ContentView.swift in Sources */ = {isa = PBXBuildFile; fileRef = 67C6A8832B182F7F001105C7 /* ContentView.swift */; };
		67C6A8862B182F80001105C7 /* Assets.xcassets in Resources */ = {isa = PBXBuildFile; fileRef = 67C6A8852B182F80001105C7 /* Assets.xcassets */; };
		67C6A8892B182F80001105C7 /* Preview Assets.xcassets in Resources */ = {isa = PBXBuildFile; fileRef = 67C6A8882B182F80001105C7 /* Preview Assets.xcassets */; };
		67C6A8932B182F80001105C7 /* Wayfair_Coding_ChallengeTests.swift in Sources */ = {isa = PBXBuildFile; fileRef = 67C6A8922B182F80001105C7 /* Wayfair_Coding_ChallengeTests.swift */; };
		67C6A89D2B182F80001105C7 /* Wayfair_Coding_ChallengeUITests.swift in Sources */ = {isa = PBXBuildFile; fileRef = 67C6A89C2B182F80001105C7 /* Wayfair_Coding_ChallengeUITests.swift */; };
		67C6A89F2B182F80001105C7 /* Wayfair_Coding_ChallengeUITestsLaunchTests.swift in Sources */ = {isa = PBXBuildFile; fileRef = 67C6A89E2B182F80001105C7 /* Wayfair_Coding_ChallengeUITestsLaunchTests.swift */; };
/* End PBXBuildFile section */

/* Begin PBXContainerItemProxy section */
		67C6A88F2B182F80001105C7 /* PBXContainerItemProxy */ = {
			isa = PBXContainerItemProxy;
			containerPortal = 67C6A8762B182F7F001105C7 /* Project object */;
			proxyType = 1;
			remoteGlobalIDString = 67C6A87D2B182F7F001105C7;
			remoteInfo = "Wayfair Coding Challenge";
		};
		67C6A8992B182F80001105C7 /* PBXContainerItemProxy */ = {
			isa = PBXContainerItemProxy;
			containerPortal = 67C6A8762B182F7F001105C7 /* Project object */;
			proxyType = 1;
			remoteGlobalIDString = 67C6A87D2B182F7F001105C7;
			remoteInfo = "Wayfair Coding Challenge";
		};
/* End PBXContainerItemProxy section */

/* Begin PBXFileReference section */
		67C6A87E2B182F7F001105C7 /* Wayfair Coding Challenge.app */ = {isa = PBXFileReference; explicitFileType = wrapper.application; includeInIndex = 0; path = "Wayfair Coding Challenge.app"; sourceTree = BUILT_PRODUCTS_DIR; };
		67C6A8812B182F7F001105C7 /* Wayfair_Coding_ChallengeApp.swift */ = {isa = PBXFileReference; lastKnownFileType = sourcecode.swift; path = Wayfair_Coding_ChallengeApp.swift; sourceTree = "<group>"; };
		67C6A8832B182F7F001105C7 /* ContentView.swift */ = {isa = PBXFileReference; lastKnownFileType = sourcecode.swift; path = ContentView.swift; sourceTree = "<group>"; };
		67C6A8852B182F80001105C7 /* Assets.xcassets */ = {isa = PBXFileReference; lastKnownFileType = folder.assetcatalog; path = Assets.xcassets; sourceTree = "<group>"; };
		67C6A8882B182F80001105C7 /* Preview Assets.xcassets */ = {isa = PBXFileReference; lastKnownFileType = folder.assetcatalog; path = "Preview Assets.xcassets"; sourceTree = "<group>"; };
		67C6A88E2B182F80001105C7 /* Wayfair Coding ChallengeTests.xctest */ = {isa = PBXFileReference; explicitFileType = wrapper.cfbundle; includeInIndex = 0; path = "Wayfair Coding ChallengeTests.xctest"; sourceTree = BUILT_PRODUCTS_DIR; };
		67C6A8922B182F80001105C7 /* Wayfair_Coding_ChallengeTests.swift */ = {isa = PBXFileReference; lastKnownFileType = sourcecode.swift; path = Wayfair_Coding_ChallengeTests.swift; sourceTree = "<group>"; };
		67C6A8982B182F80001105C7 /* Wayfair Coding ChallengeUITests.xctest */ = {isa = PBXFileReference; explicitFileType = wrapper.cfbundle; includeInIndex = 0; path = "Wayfair Coding ChallengeUITests.xctest"; sourceTree = BUILT_PRODUCTS_DIR; };
		67C6A89C2B182F80001105C7 /* Wayfair_Coding_ChallengeUITests.swift */ = {isa = PBXFileReference; lastKnownFileType = sourcecode.swift; path = Wayfair_Coding_ChallengeUITests.swift; sourceTree = "<group>"; };
		67C6A89E2B182F80001105C7 /* Wayfair_Coding_ChallengeUITestsLaunchTests.swift */ = {isa = PBXFileReference; lastKnownFileType = sourcecode.swift; path = Wayfair_Coding_ChallengeUITestsLaunchTests.swift; sourceTree = "<group>"; };
/* End PBXFileReference section */

/* Begin PBXFrameworksBuildPhase section */
		67C6A87B2B182F7F001105C7 /* Frameworks */ = {
			isa = PBXFrameworksBuildPhase;
			buildActionMask = 2147483647;
			files = (
			);
			runOnlyForDeploymentPostprocessing = 0;
		};
		67C6A88B2B182F80001105C7 /* Frameworks */ = {
			isa = PBXFrameworksBuildPhase;
			buildActionMask = 2147483647;
			files = (
			);
			runOnlyForDeploymentPostprocessing = 0;
		};
		67C6A8952B182F80001105C7 /* Frameworks */ = {
			isa = PBXFrameworksBuildPhase;
			buildActionMask = 2147483647;
			files = (
			);
			runOnlyForDeploymentPostprocessing = 0;
		};
/* End PBXFrameworksBuildPhase section */

/* Begin PBXGroup section */
		67C6A8752B182F7F001105C7 = {
			isa = PBXGroup;
			children = (
				67C6A8802B182F7F001105C7 /* Wayfair Coding Challenge */,
				67C6A8912B182F80001105C7 /* Wayfair Coding ChallengeTests */,
				67C6A89B2B182F80001105C7 /* Wayfair Coding ChallengeUITests */,
				67C6A87F2B182F7F001105C7 /* Products */,
			);
			sourceTree = "<group>";
		};
		67C6A87F2B182F7F001105C7 /* Products */ = {
			isa = PBXGroup;
			children = (
				67C6A87E2B182F7F001105C7 /* Wayfair Coding Challenge.app */,
				67C6A88E2B182F80001105C7 /* Wayfair Coding ChallengeTests.xctest */,
				67C6A8982B182F80001105C7 /* Wayfair Coding ChallengeUITests.xctest */,
			);
			name = Products;
			sourceTree = "<group>";
		};
		67C6A8802B182F7F001105C7 /* Wayfair Coding Challenge */ = {
			isa = PBXGroup;
			children = (
				67C6A8812B182F7F001105C7 /* Wayfair_Coding_ChallengeApp.swift */,
				67C6A8832B182F7F001105C7 /* ContentView.swift */,
				67C6A8852B182F80001105C7 /* Assets.xcassets */,
				67C6A8872B182F80001105C7 /* Preview Content */,
			);
			path = "Wayfair Coding Challenge";
			sourceTree = "<group>";
		};
		67C6A8872B182F80001105C7 /* Preview Content */ = {
			isa = PBXGroup;
			children = (
				67C6A8882B182F80001105C7 /* Preview Assets.xcassets */,
			);
			path = "Preview Content";
			sourceTree = "<group>";
		};
		67C6A8912B182F80001105C7 /* Wayfair Coding ChallengeTests */ = {
			isa = PBXGroup;
			children = (
				67C6A8922B182F80001105C7 /* Wayfair_Coding_ChallengeTests.swift */,
			);
			path = "Wayfair Coding ChallengeTests";
			sourceTree = "<group>";
		};
		67C6A89B2B182F80001105C7 /* Wayfair Coding ChallengeUITests */ = {
			isa = PBXGroup;
			children = (
				67C6A89C2B182F80001105C7 /* Wayfair_Coding_ChallengeUITests.swift */,
				67C6A89E2B182F80001105C7 /* Wayfair_Coding_ChallengeUITestsLaunchTests.swift */,
			);
			path = "Wayfair Coding ChallengeUITests";
			sourceTree = "<group>";
		};
/* End PBXGroup section */

/* Begin PBXNativeTarget section */
		67C6A87D2B182F7F001105C7 /* Wayfair Coding Challenge */ = {
			isa = PBXNativeTarget;
			buildConfigurationList = 67C6A8A22B182F80001105C7 /* Build configuration list for PBXNativeTarget "Wayfair Coding Challenge" */;
			buildPhases = (
				67C6A87A2B182F7F001105C7 /* Sources */,
				67C6A87B2B182F7F001105C7 /* Frameworks */,
				67C6A87C2B182F7F001105C7 /* Resources */,
			);
			buildRules = (
			);
			dependencies = (
			);
			name = "Wayfair Coding Challenge";
			productName = "Wayfair Coding Challenge";
			productReference = 67C6A87E2B182F7F001105C7 /* Wayfair Coding Challenge.app */;
			productType = "com.apple.product-type.application";
		};
		67C6A88D2B182F80001105C7 /* Wayfair Coding ChallengeTests */ = {
			isa = PBXNativeTarget;
			buildConfigurationList = 67C6A8A52B182F80001105C7 /* Build configuration list for PBXNativeTarget "Wayfair Coding ChallengeTests" */;
			buildPhases = (
				67C6A88A2B182F80001105C7 /* Sources */,
				67C6A88B2B182F80001105C7 /* Frameworks */,
				67C6A88C2B182F80001105C7 /* Resources */,
			);
			buildRules = (
			);
			dependencies = (
				67C6A8902B182F80001105C7 /* PBXTargetDependency */,
			);
			name = "Wayfair Coding ChallengeTests";
			productName = "Wayfair Coding ChallengeTests";
			productReference = 67C6A88E2B182F80001105C7 /* Wayfair Coding ChallengeTests.xctest */;
			productType = "com.apple.product-type.bundle.unit-test";
		};
		67C6A8972B182F80001105C7 /* Wayfair Coding ChallengeUITests */ = {
			isa = PBXNativeTarget;
			buildConfigurationList = 67C6A8A82B182F80001105C7 /* Build configuration list for PBXNativeTarget "Wayfair Coding ChallengeUITests" */;
			buildPhases = (
				67C6A8942B182F80001105C7 /* Sources */,
				67C6A8952B182F80001105C7 /* Frameworks */,
				67C6A8962B182F80001105C7 /* Resources */,
			);
			buildRules = (
			);
			dependencies = (
				67C6A89A2B182F80001105C7 /* PBXTargetDependency */,
			);
			name = "Wayfair Coding ChallengeUITests";
			productName = "Wayfair Coding ChallengeUITests";
			productReference = 67C6A8982B182F80001105C7 /* Wayfair Coding ChallengeUITests.xctest */;
			productType = "com.apple.product-type.bundle.ui-testing";
		};
/* End PBXNativeTarget section */

/* Begin PBXProject section */
		67C6A8762B182F7F001105C7 /* Project object */ = {
			isa = PBXProject;
			attributes = {
				BuildIndependentTargetsInParallel = 1;
				LastSwiftUpdateCheck = 1430;
				LastUpgradeCheck = 1430;
				TargetAttributes = {
					67C6A87D2B182F7F001105C7 = {
						CreatedOnToolsVersion = 14.3.1;
					};
					67C6A88D2B182F80001105C7 = {
						CreatedOnToolsVersion = 14.3.1;
						TestTargetID = 67C6A87D2B182F7F001105C7;
					};
					67C6A8972B182F80001105C7 = {
						CreatedOnToolsVersion = 14.3.1;
						TestTargetID = 67C6A87D2B182F7F001105C7;
					};
				};
			};
			buildConfigurationList = 67C6A8792B182F7F001105C7 /* Build configuration list for PBXProject "Wayfair Coding Challenge" */;
			compatibilityVersion = "Xcode 14.0";
			developmentRegion = en;
			hasScannedForEncodings = 0;
			knownRegions = (
				en,
				Base,
			);
			mainGroup = 67C6A8752B182F7F001105C7;
			productRefGroup = 67C6A87F2B182F7F001105C7 /* Products */;
			projectDirPath = "";
			projectRoot = "";
			targets = (
				67C6A87D2B182F7F001105C7 /* Wayfair Coding Challenge */,
				67C6A88D2B182F80001105C7 /* Wayfair Coding ChallengeTests */,
				67C6A8972B182F80001105C7 /* Wayfair Coding ChallengeUITests */,
			);
		};
/* End PBXProject section */

/* Begin PBXResourcesBuildPhase section */
		67C6A87C2B182F7F001105C7 /* Resources */ = {
			isa = PBXResourcesBuildPhase;
			buildActionMask = 2147483647;
			files = (
				67C6A8892B182F80001105C7 /* Preview Assets.xcassets in Resources */,
				67C6A8862B182F80001105C7 /* Assets.xcassets in Resources */,
			);
			runOnlyForDeploymentPostprocessing = 0;
		};
		67C6A88C2B182F80001105C7 /* Resources */ = {
			isa = PBXResourcesBuildPhase;
			buildActionMask = 2147483647;
			files = (
			);
			runOnlyForDeploymentPostprocessing = 0;
		};
		67C6A8962B182F80001105C7 /* Resources */ = {
			isa = PBXResourcesBuildPhase;
			buildActionMask = 2147483647;
			files = (
			);
			runOnlyForDeploymentPostprocessing = 0;
		};
/* End PBXResourcesBuildPhase section */

/* Begin PBXSourcesBuildPhase section */
		67C6A87A2B182F7F001105C7 /* Sources */ = {
			isa = PBXSourcesBuildPhase;
			buildActionMask = 2147483647;
			files = (
				67C6A8842B182F7F001105C7 /* ContentView.swift in Sources */,
				67C6A8822B182F7F001105C7 /* Wayfair_Coding_ChallengeApp.swift in Sources */,
			);
			runOnlyForDeploymentPostprocessing = 0;
		};
		67C6A88A2B182F80001105C7 /* Sources */ = {
			isa = PBXSourcesBuildPhase;
			buildActionMask = 2147483647;
			files = (
				67C6A8932B182F80001105C7 /* Wayfair_Coding_ChallengeTests.swift in Sources */,
			);
			runOnlyForDeploymentPostprocessing = 0;
		};
		67C6A8942B182F80001105C7 /* Sources */ = {
			isa = PBXSourcesBuildPhase;
			buildActionMask = 2147483647;
			files = (
				67C6A89F2B182F80001105C7 /* Wayfair_Coding_ChallengeUITestsLaunchTests.swift in Sources */,
				67C6A89D2B182F80001105C7 /* Wayfair_Coding_ChallengeUITests.swift in Sources */,
			);
			runOnlyForDeploymentPostprocessing = 0;
		};
/* End PBXSourcesBuildPhase section */

/* Begin PBXTargetDependency section */
		67C6A8902B182F80001105C7 /* PBXTargetDependency */ = {
			isa = PBXTargetDependency;
			target = 67C6A87D2B182F7F001105C7 /* Wayfair Coding Challenge */;
			targetProxy = 67C6A88F2B182F80001105C7 /* PBXContainerItemProxy */;
		};
		67C6A89A2B182F80001105C7 /* PBXTargetDependency */ = {
			isa = PBXTargetDependency;
			target = 67C6A87D2B182F7F001105C7 /* Wayfair Coding Challenge */;
			targetProxy = 67C6A8992B182F80001105C7 /* PBXContainerItemProxy */;
		};
/* End PBXTargetDependency section */

/* Begin XCBuildConfiguration section */
		67C6A8A02B182F80001105C7 /* Debug */ = {
			isa = XCBuildConfiguration;
			buildSettings = {
				ALWAYS_SEARCH_USER_PATHS = NO;
				CLANG_ANALYZER_NONNULL = YES;
				CLANG_ANALYZER_NUMBER_OBJECT_CONVERSION = YES_AGGRESSIVE;
				CLANG_CXX_LANGUAGE_STANDARD = "gnu++20";
				CLANG_ENABLE_MODULES = YES;
				CLANG_ENABLE_OBJC_ARC = YES;
				CLANG_ENABLE_OBJC_WEAK = YES;
				CLANG_WARN_BLOCK_CAPTURE_AUTORELEASING = YES;
				CLANG_WARN_BOOL_CONVERSION = YES;
				CLANG_WARN_COMMA = YES;
				CLANG_WARN_CONSTANT_CONVERSION = YES;
				CLANG_WARN_DEPRECATED_OBJC_IMPLEMENTATIONS = YES;
				CLANG_WARN_DIRECT_OBJC_ISA_USAGE = YES_ERROR;
				CLANG_WARN_DOCUMENTATION_COMMENTS = YES;
				CLANG_WARN_EMPTY_BODY = YES;
				CLANG_WARN_ENUM_CONVERSION = YES;
				CLANG_WARN_INFINITE_RECURSION = YES;
				CLANG_WARN_INT_CONVERSION = YES;
				CLANG_WARN_NON_LITERAL_NULL_CONVERSION = YES;
				CLANG_WARN_OBJC_IMPLICIT_RETAIN_SELF = YES;
				CLANG_WARN_OBJC_LITERAL_CONVERSION = YES;
				CLANG_WARN_OBJC_ROOT_CLASS = YES_ERROR;
				CLANG_WARN_QUOTED_INCLUDE_IN_FRAMEWORK_HEADER = YES;
				CLANG_WARN_RANGE_LOOP_ANALYSIS = YES;
				CLANG_WARN_STRICT_PROTOTYPES = YES;
				CLANG_WARN_SUSPICIOUS_MOVE = YES;
				CLANG_WARN_UNGUARDED_AVAILABILITY = YES_AGGRESSIVE;
				CLANG_WARN_UNREACHABLE_CODE = YES;
				CLANG_WARN__DUPLICATE_METHOD_MATCH = YES;
				COPY_PHASE_STRIP = NO;
				DEBUG_INFORMATION_FORMAT = dwarf;
				ENABLE_STRICT_OBJC_MSGSEND = YES;
				ENABLE_TESTABILITY = YES;
				GCC_C_LANGUAGE_STANDARD = gnu11;
				GCC_DYNAMIC_NO_PIC = NO;
				GCC_NO_COMMON_BLOCKS = YES;
				GCC_OPTIMIZATION_LEVEL = 0;
				GCC_PREPROCESSOR_DEFINITIONS = (
					"DEBUG=1",
					"$(inherited)",
				);
				GCC_WARN_64_TO_32_BIT_CONVERSION = YES;
				GCC_WARN_ABOUT_RETURN_TYPE = YES_ERROR;
				GCC_WARN_UNDECLARED_SELECTOR = YES;
				GCC_WARN_UNINITIALIZED_AUTOS = YES_AGGRESSIVE;
				GCC_WARN_UNUSED_FUNCTION = YES;
				GCC_WARN_UNUSED_VARIABLE = YES;
				IPHONEOS_DEPLOYMENT_TARGET = 16.4;
				MTL_ENABLE_DEBUG_INFO = INCLUDE_SOURCE;
				MTL_FAST_MATH = YES;
				ONLY_ACTIVE_ARCH = YES;
				SDKROOT = iphoneos;
				SWIFT_ACTIVE_COMPILATION_CONDITIONS = DEBUG;
				SWIFT_OPTIMIZATION_LEVEL = "-Onone";
			};
			name = Debug;
		};
		67C6A8A12B182F80001105C7 /* Release */ = {
			isa = XCBuildConfiguration;
			buildSettings = {
				ALWAYS_SEARCH_USER_PATHS = NO;
				CLANG_ANALYZER_NONNULL = YES;
				CLANG_ANALYZER_NUMBER_OBJECT_CONVERSION = YES_AGGRESSIVE;
				CLANG_CXX_LANGUAGE_STANDARD = "gnu++20";
				CLANG_ENABLE_MODULES = YES;
				CLANG_ENABLE_OBJC_ARC = YES;
				CLANG_ENABLE_OBJC_WEAK = YES;
				CLANG_WARN_BLOCK_CAPTURE_AUTORELEASING = YES;
				CLANG_WARN_BOOL_CONVERSION = YES;
				CLANG_WARN_COMMA = YES;
				CLANG_WARN_CONSTANT_CONVERSION = YES;
				CLANG_WARN_DEPRECATED_OBJC_IMPLEMENTATIONS = YES;
				CLANG_WARN_DIRECT_OBJC_ISA_USAGE = YES_ERROR;
				CLANG_WARN_DOCUMENTATION_COMMENTS = YES;
				CLANG_WARN_EMPTY_BODY = YES;
				CLANG_WARN_ENUM_CONVERSION = YES;
				CLANG_WARN_INFINITE_RECURSION = YES;
				CLANG_WARN_INT_CONVERSION = YES;
				CLANG_WARN_NON_LITERAL_NULL_CONVERSION = YES;
				CLANG_WARN_OBJC_IMPLICIT_RETAIN_SELF = YES;
				CLANG_WARN_OBJC_LITERAL_CONVERSION = YES;
				CLANG_WARN_OBJC_ROOT_CLASS = YES_ERROR;
				CLANG_WARN_QUOTED_INCLUDE_IN_FRAMEWORK_HEADER = YES;
				CLANG_WARN_RANGE_LOOP_ANALYSIS = YES;
				CLANG_WARN_STRICT_PROTOTYPES = YES;
				CLANG_WARN_SUSPICIOUS_MOVE = YES;
				CLANG_WARN_UNGUARDED_AVAILABILITY = YES_AGGRESSIVE;
				CLANG_WARN_UNREACHABLE_CODE = YES;
				CLANG_WARN__DUPLICATE_METHOD_MATCH = YES;
				COPY_PHASE_STRIP = NO;
				DEBUG_INFORMATION_FORMAT = "dwarf-with-dsym";
				ENABLE_NS_ASSERTIONS = NO;
				ENABLE_STRICT_OBJC_MSGSEND = YES;
				GCC_C_LANGUAGE_STANDARD = gnu11;
				GCC_NO_COMMON_BLOCKS = YES;
				GCC_WARN_64_TO_32_BIT_CONVERSION = YES;
				GCC_WARN_ABOUT_RETURN_TYPE = YES_ERROR;
				GCC_WARN_UNDECLARED_SELECTOR = YES;
				GCC_WARN_UNINITIALIZED_AUTOS = YES_AGGRESSIVE;
				GCC_WARN_UNUSED_FUNCTION = YES;
				GCC_WARN_UNUSED_VARIABLE = YES;
				IPHONEOS_DEPLOYMENT_TARGET = 16.4;
				MTL_ENABLE_DEBUG_INFO = NO;
				MTL_FAST_MATH = YES;
				SDKROOT = iphoneos;
				SWIFT_COMPILATION_MODE = wholemodule;
				SWIFT_OPTIMIZATION_LEVEL = "-O";
				VALIDATE_PRODUCT = YES;
			};
			name = Release;
		};
		67C6A8A32B182F80001105C7 /* Debug */ = {
			isa = XCBuildConfiguration;
			buildSettings = {
				ASSETCATALOG_COMPILER_APPICON_NAME = AppIcon;
				ASSETCATALOG_COMPILER_GLOBAL_ACCENT_COLOR_NAME = AccentColor;
				CODE_SIGN_STYLE = Automatic;
				CURRENT_PROJECT_VERSION = 1;
				DEVELOPMENT_ASSET_PATHS = "\"Wayfair Coding Challenge/Preview Content\"";
				DEVELOPMENT_TEAM = K2UMYETYC8;
				ENABLE_PREVIEWS = YES;
				GENERATE_INFOPLIST_FILE = YES;
				INFOPLIST_KEY_UIApplicationSceneManifest_Generation = YES;
				INFOPLIST_KEY_UIApplicationSupportsIndirectInputEvents = YES;
				INFOPLIST_KEY_UILaunchScreen_Generation = YES;
				INFOPLIST_KEY_UISupportedInterfaceOrientations_iPad = "UIInterfaceOrientationPortrait UIInterfaceOrientationPortraitUpsideDown UIInterfaceOrientationLandscapeLeft UIInterfaceOrientationLandscapeRight";
				INFOPLIST_KEY_UISupportedInterfaceOrientations_iPhone = "UIInterfaceOrientationPortrait UIInterfaceOrientationLandscapeLeft UIInterfaceOrientationLandscapeRight";
				LD_RUNPATH_SEARCH_PATHS = (
					"$(inherited)",
					"@executable_path/Frameworks",
				);
				MARKETING_VERSION = 1.0;
				PRODUCT_BUNDLE_IDENTIFIER = "chadwishner.Wayfair-Coding-Challenge";
				PRODUCT_NAME = "$(TARGET_NAME)";
				SWIFT_EMIT_LOC_STRINGS = YES;
				SWIFT_VERSION = 5.0;
				TARGETED_DEVICE_FAMILY = "1,2";
			};
			name = Debug;
		};
		67C6A8A42B182F80001105C7 /* Release */ = {
			isa = XCBuildConfiguration;
			buildSettings = {
				ASSETCATALOG_COMPILER_APPICON_NAME = AppIcon;
				ASSETCATALOG_COMPILER_GLOBAL_ACCENT_COLOR_NAME = AccentColor;
				CODE_SIGN_STYLE = Automatic;
				CURRENT_PROJECT_VERSION = 1;
				DEVELOPMENT_ASSET_PATHS = "\"Wayfair Coding Challenge/Preview Content\"";
				DEVELOPMENT_TEAM = K2UMYETYC8;
				ENABLE_PREVIEWS = YES;
				GENERATE_INFOPLIST_FILE = YES;
				INFOPLIST_KEY_UIApplicationSceneManifest_Generation = YES;
				INFOPLIST_KEY_UIApplicationSupportsIndirectInputEvents = YES;
				INFOPLIST_KEY_UILaunchScreen_Generation = YES;
				INFOPLIST_KEY_UISupportedInterfaceOrientations_iPad = "UIInterfaceOrientationPortrait UIInterfaceOrientationPortraitUpsideDown UIInterfaceOrientationLandscapeLeft UIInterfaceOrientationLandscapeRight";
				INFOPLIST_KEY_UISupportedInterfaceOrientations_iPhone = "UIInterfaceOrientationPortrait UIInterfaceOrientationLandscapeLeft UIInterfaceOrientationLandscapeRight";
				LD_RUNPATH_SEARCH_PATHS = (
					"$(inherited)",
					"@executable_path/Frameworks",
				);
				MARKETING_VERSION = 1.0;
				PRODUCT_BUNDLE_IDENTIFIER = "chadwishner.Wayfair-Coding-Challenge";
				PRODUCT_NAME = "$(TARGET_NAME)";
				SWIFT_EMIT_LOC_STRINGS = YES;
				SWIFT_VERSION = 5.0;
				TARGETED_DEVICE_FAMILY = "1,2";
			};
			name = Release;
		};
		67C6A8A62B182F80001105C7 /* Debug */ = {
			isa = XCBuildConfiguration;
			buildSettings = {
				ALWAYS_EMBED_SWIFT_STANDARD_LIBRARIES = YES;
				BUNDLE_LOADER = "$(TEST_HOST)";
				CODE_SIGN_STYLE = Automatic;
				CURRENT_PROJECT_VERSION = 1;
				DEVELOPMENT_TEAM = K2UMYETYC8;
				GENERATE_INFOPLIST_FILE = YES;
				IPHONEOS_DEPLOYMENT_TARGET = 16.4;
				MARKETING_VERSION = 1.0;
				PRODUCT_BUNDLE_IDENTIFIER = "chadwishner.Wayfair-Coding-ChallengeTests";
				PRODUCT_NAME = "$(TARGET_NAME)";
				SWIFT_EMIT_LOC_STRINGS = NO;
				SWIFT_VERSION = 5.0;
				TARGETED_DEVICE_FAMILY = "1,2";
				TEST_HOST = "$(BUILT_PRODUCTS_DIR)/Wayfair Coding Challenge.app/$(BUNDLE_EXECUTABLE_FOLDER_PATH)/Wayfair Coding Challenge";
			};
			name = Debug;
		};
		67C6A8A72B182F80001105C7 /* Release */ = {
			isa = XCBuildConfiguration;
			buildSettings = {
				ALWAYS_EMBED_SWIFT_STANDARD_LIBRARIES = YES;
				BUNDLE_LOADER = "$(TEST_HOST)";
				CODE_SIGN_STYLE = Automatic;
				CURRENT_PROJECT_VERSION = 1;
				DEVELOPMENT_TEAM = K2UMYETYC8;
				GENERATE_INFOPLIST_FILE = YES;
				IPHONEOS_DEPLOYMENT_TARGET = 16.4;
				MARKETING_VERSION = 1.0;
				PRODUCT_BUNDLE_IDENTIFIER = "chadwishner.Wayfair-Coding-ChallengeTests";
				PRODUCT_NAME = "$(TARGET_NAME)";
				SWIFT_EMIT_LOC_STRINGS = NO;
				SWIFT_VERSION = 5.0;
				TARGETED_DEVICE_FAMILY = "1,2";
				TEST_HOST = "$(BUILT_PRODUCTS_DIR)/Wayfair Coding Challenge.app/$(BUNDLE_EXECUTABLE_FOLDER_PATH)/Wayfair Coding Challenge";
			};
			name = Release;
		};
		67C6A8A92B182F80001105C7 /* Debug */ = {
			isa = XCBuildConfiguration;
			buildSettings = {
				ALWAYS_EMBED_SWIFT_STANDARD_LIBRARIES = YES;
				CODE_SIGN_STYLE = Automatic;
				CURRENT_PROJECT_VERSION = 1;
				DEVELOPMENT_TEAM = K2UMYETYC8;
				GENERATE_INFOPLIST_FILE = YES;
				MARKETING_VERSION = 1.0;
				PRODUCT_BUNDLE_IDENTIFIER = "chadwishner.Wayfair-Coding-ChallengeUITests";
				PRODUCT_NAME = "$(TARGET_NAME)";
				SWIFT_EMIT_LOC_STRINGS = NO;
				SWIFT_VERSION = 5.0;
				TARGETED_DEVICE_FAMILY = "1,2";
				TEST_TARGET_NAME = "Wayfair Coding Challenge";
			};
			name = Debug;
		};
		67C6A8AA2B182F80001105C7 /* Release */ = {
			isa = XCBuildConfiguration;
			buildSettings = {
				ALWAYS_EMBED_SWIFT_STANDARD_LIBRARIES = YES;
				CODE_SIGN_STYLE = Automatic;
				CURRENT_PROJECT_VERSION = 1;
				DEVELOPMENT_TEAM = K2UMYETYC8;
				GENERATE_INFOPLIST_FILE = YES;
				MARKETING_VERSION = 1.0;
				PRODUCT_BUNDLE_IDENTIFIER = "chadwishner.Wayfair-Coding-ChallengeUITests";
				PRODUCT_NAME = "$(TARGET_NAME)";
				SWIFT_EMIT_LOC_STRINGS = NO;
				SWIFT_VERSION = 5.0;
				TARGETED_DEVICE_FAMILY = "1,2";
				TEST_TARGET_NAME = "Wayfair Coding Challenge";
			};
			name = Release;
		};
/* End XCBuildConfiguration section */

/* Begin XCConfigurationList section */
		67C6A8792B182F7F001105C7 /* Build configuration list for PBXProject "Wayfair Coding Challenge" */ = {
			isa = XCConfigurationList;
			buildConfigurations = (
				67C6A8A02B182F80001105C7 /* Debug */,
				67C6A8A12B182F80001105C7 /* Release */,
			);
			defaultConfigurationIsVisible = 0;
			defaultConfigurationName = Release;
		};
		67C6A8A22B182F80001105C7 /* Build configuration list for PBXNativeTarget "Wayfair Coding Challenge" */ = {
			isa = XCConfigurationList;
			buildConfigurations = (
				67C6A8A32B182F80001105C7 /* Debug */,
				67C6A8A42B182F80001105C7 /* Release */,
			);
			defaultConfigurationIsVisible = 0;
			defaultConfigurationName = Release;
		};
		67C6A8A52B182F80001105C7 /* Build configuration list for PBXNativeTarget "Wayfair Coding ChallengeTests" */ = {
			isa = XCConfigurationList;
			buildConfigurations = (
				67C6A8A62B182F80001105C7 /* Debug */,
				67C6A8A72B182F80001105C7 /* Release */,
			);
			defaultConfigurationIsVisible = 0;
			defaultConfigurationName = Release;
		};
		67C6A8A82B182F80001105C7 /* Build configuration list for PBXNativeTarget "Wayfair Coding ChallengeUITests" */ = {
			isa = XCConfigurationList;
			buildConfigurations = (
				67C6A8A92B182F80001105C7 /* Debug */,
				67C6A8AA2B182F80001105C7 /* Release */,
			);
			defaultConfigurationIsVisible = 0;
			defaultConfigurationName = Release;
		};
/* End XCConfigurationList section */
	};
	rootObject = 67C6A8762B182F7F001105C7 /* Project object */;
}
